
Microsoft Visual Studio Solution File, Format Version 12.00
# Visual Studio Version 17
VisualStudioVersion = 17.11.35208.52
MinimumVisualStudioVersion = 10.0.40219.1
Project("{FAE04EC0-301F-11D3-BF4B-00C04F79EFBC}") = "UniCredit_GroupCo_Loan", "UniCredit_GroupCo_Loan\UniCredit_GroupCo_Loan.csproj", "{96354159-D753-4429-8E2C-6C69462AFFF1}"
EndProject
Project("{FAE04EC0-301F-11D3-BF4B-00C04F79EFBC}") = "UniCredit_GroupCo_Loan.BusinessEntities", "UniCredit_GroupCo_Loan_\UniCredit_GroupCo_Loan.BusinessEntities.csproj", "{27604371-4386-4C0A-BF66-6027EE7A9FAE}"
EndProject
Project("{FAE04EC0-301F-11D3-BF4B-00C04F79EFBC}") = "UniCredit_GroupCo_Loan.DataBaselogic", "UniCredit_GroupCo_Loan.DataBaselogic\UniCredit_GroupCo_Loan.DataBaselogic.csproj", "{3F8CB2E7-73E6-4D29-B523-EF3CFAB39E36}"
EndProject
Project("{FAE04EC0-301F-11D3-BF4B-00C04F79EFBC}") = "UniCredit_GroupCo_Loan.RepositoryLayer", "UniCredit_GroupCo_Loan.RepositoryLayer\UniCredit_GroupCo_Loan.RepositoryLayer.csproj", "{082CCEC1-AE22-4E91-80A5-A12624DD4F77}"
EndProject
Project("{FAE04EC0-301F-11D3-BF4B-00C04F79EFBC}") = "UniCredit_GroupCo_Loan.ServiceLayer", "UniCredit_GroupCo_Loan.ServiceLayer\UniCredit_GroupCo_Loan.ServiceLayer.csproj", "{D8DE61BE-1C71-49C7-A971-8D9F01D5605F}"
EndProject
Global
	GlobalSection(SolutionConfigurationPlatforms) = preSolution
		Debug|Any CPU = Debug|Any CPU
		Release|Any CPU = Release|Any CPU
	EndGlobalSection
	GlobalSection(ProjectConfigurationPlatforms) = postSolution
		{96354159-D753-4429-8E2C-6C69462AFFF1}.Debug|Any CPU.ActiveCfg = Debug|Any CPU
		{96354159-D753-4429-8E2C-6C69462AFFF1}.Debug|Any CPU.Build.0 = Debug|Any CPU
		{96354159-D753-4429-8E2C-6C69462AFFF1}.Release|Any CPU.ActiveCfg = Release|Any CPU
		{96354159-D753-4429-8E2C-6C69462AFFF1}.Release|Any CPU.Build.0 = Release|Any CPU
		{27604371-4386-4C0A-BF66-6027EE7A9FAE}.Debug|Any CPU.ActiveCfg = Debug|Any CPU
		{27604371-4386-4C0A-BF66-6027EE7A9FAE}.Debug|Any CPU.Build.0 = Debug|Any CPU
		{27604371-4386-4C0A-BF66-6027EE7A9FAE}.Release|Any CPU.ActiveCfg = Release|Any CPU
		{27604371-4386-4C0A-BF66-6027EE7A9FAE}.Release|Any CPU.Build.0 = Release|Any CPU
		{3F8CB2E7-73E6-4D29-B523-EF3CFAB39E36}.Debug|Any CPU.ActiveCfg = Debug|Any CPU
		{3F8CB2E7-73E6-4D29-B523-EF3CFAB39E36}.Debug|Any CPU.Build.0 = Debug|Any CPU
		{3F8CB2E7-73E6-4D29-B523-EF3CFAB39E36}.Release|Any CPU.ActiveCfg = Release|Any CPU
		{3F8CB2E7-73E6-4D29-B523-EF3CFAB39E36}.Release|Any CPU.Build.0 = Release|Any CPU
		{082CCEC1-AE22-4E91-80A5-A12624DD4F77}.Debug|Any CPU.ActiveCfg = Debug|Any CPU
		{082CCEC1-AE22-4E91-80A5-A12624DD4F77}.Debug|Any CPU.Build.0 = Debug|Any CPU
		{082CCEC1-AE22-4E91-80A5-A12624DD4F77}.Release|Any CPU.ActiveCfg = Release|Any CPU
		{082CCEC1-AE22-4E91-80A5-A12624DD4F77}.Release|Any CPU.Build.0 = Release|Any CPU
		{D8DE61BE-1C71-49C7-A971-8D9F01D5605F}.Debug|Any CPU.ActiveCfg = Debug|Any CPU
		{D8DE61BE-1C71-49C7-A971-8D9F01D5605F}.Debug|Any CPU.Build.0 = Debug|Any CPU
		{D8DE61BE-1C71-49C7-A971-8D9F01D5605F}.Release|Any CPU.ActiveCfg = Release|Any CPU
		{D8DE61BE-1C71-49C7-A971-8D9F01D5605F}.Release|Any CPU.Build.0 = Release|Any CPU
	EndGlobalSection
	GlobalSection(SolutionProperties) = preSolution
		HideSolutionNode = FALSE
	EndGlobalSection
	GlobalSection(ExtensibilityGlobals) = postSolution
		SolutionGuid = {F3C4B62B-3851-4598-8CD5-4E3AC6F17737}
	EndGlobalSection
EndGlobal
